
Microsoft Visual Studio Solution File, Format Version 12.00
# Visual Studio Version 17
VisualStudioVersion = 17.13.35806.99
MinimumVisualStudioVersion = 10.0.40219.1
Project("{8BC9CEB8-8B4A-11D0-8D11-00A0C91BC942}") = "Ex1a", "Ex1\Ex1.vcxproj", "{E9C76383-F4D8-4E7A-B94E-5E14826F9176}"
EndProject
Project("{8BC9CEB8-8B4A-11D0-8D11-00A0C91BC942}") = "Ex1d", "Ex1d\Ex1d.vcxproj", "{27D8ECB4-C8A7-4177-8044-21D5CD685F38}"
EndProject
Project("{8BC9CEB8-8B4A-11D0-8D11-00A0C91BC942}") = "Ex1g", "Ex1g\Ex1g.vcxproj", "{0A6C38F2-7440-4D11-AFAF-F3848DD56130}"
EndProject
Global
	GlobalSection(SolutionConfigurationPlatforms) = preSolution
		Debug|x64 = Debug|x64
		Debug|x86 = Debug|x86
		Release|x64 = Release|x64
		Release|x86 = Release|x86
	EndGlobalSection
	GlobalSection(ProjectConfigurationPlatforms) = postSolution
		{E9C76383-F4D8-4E7A-B94E-5E14826F9176}.Debug|x64.ActiveCfg = Debug|x64
		{E9C76383-F4D8-4E7A-B94E-5E14826F9176}.Debug|x64.Build.0 = Debug|x64
		{E9C76383-F4D8-4E7A-B94E-5E14826F9176}.Debug|x86.ActiveCfg = Debug|Win32
		{E9C76383-F4D8-4E7A-B94E-5E14826F9176}.Debug|x86.Build.0 = Debug|Win32
		{E9C76383-F4D8-4E7A-B94E-5E14826F9176}.Release|x64.ActiveCfg = Release|x64
		{E9C76383-F4D8-4E7A-B94E-5E14826F9176}.Release|x64.Build.0 = Release|x64
		{E9C76383-F4D8-4E7A-B94E-5E14826F9176}.Release|x86.ActiveCfg = Release|Win32
		{E9C76383-F4D8-4E7A-B94E-5E14826F9176}.Release|x86.Build.0 = Release|Win32
		{27D8ECB4-C8A7-4177-8044-21D5CD685F38}.Debug|x64.ActiveCfg = Debug|x64
		{27D8ECB4-C8A7-4177-8044-21D5CD685F38}.Debug|x64.Build.0 = Debug|x64
		{27D8ECB4-C8A7-4177-8044-21D5CD685F38}.Debug|x86.ActiveCfg = Debug|Win32
		{27D8ECB4-C8A7-4177-8044-21D5CD685F38}.Debug|x86.Build.0 = Debug|Win32
		{27D8ECB4-C8A7-4177-8044-21D5CD685F38}.Release|x64.ActiveCfg = Release|x64
		{27D8ECB4-C8A7-4177-8044-21D5CD685F38}.Release|x64.Build.0 = Release|x64
		{27D8ECB4-C8A7-4177-8044-21D5CD685F38}.Release|x86.ActiveCfg = Release|Win32
		{27D8ECB4-C8A7-4177-8044-21D5CD685F38}.Release|x86.Build.0 = Release|Win32
		{0A6C38F2-7440-4D11-AFAF-F3848DD56130}.Debug|x64.ActiveCfg = Debug|x64
		{0A6C38F2-7440-4D11-AFAF-F3848DD56130}.Debug|x64.Build.0 = Debug|x64
		{0A6C38F2-7440-4D11-AFAF-F3848DD56130}.Debug|x86.ActiveCfg = Debug|Win32
		{0A6C38F2-7440-4D11-AFAF-F3848DD56130}.Debug|x86.Build.0 = Debug|Win32
		{0A6C38F2-7440-4D11-AFAF-F3848DD56130}.Release|x64.ActiveCfg = Release|x64
		{0A6C38F2-7440-4D11-AFAF-F3848DD56130}.Release|x64.Build.0 = Release|x64
		{0A6C38F2-7440-4D11-AFAF-F3848DD56130}.Release|x86.ActiveCfg = Release|Win32
		{0A6C38F2-7440-4D11-AFAF-F3848DD56130}.Release|x86.Build.0 = Release|Win32
	EndGlobalSection
	GlobalSection(SolutionProperties) = preSolution
		HideSolutionNode = FALSE
	EndGlobalSection
	GlobalSection(ExtensibilityGlobals) = postSolution
		SolutionGuid = {22761763-843E-4075-9CEA-6BAC49059C8F}
	EndGlobalSection
EndGlobal
