
Microsoft Visual Studio Solution File, Format Version 12.00
# Visual Studio Version 17
VisualStudioVersion = 17.14.36414.22 d17.14
MinimumVisualStudioVersion = 10.0.40219.1
Project("{FAE04EC0-301F-11D3-BF4B-00C04F79EFBC}") = "MauiUtilidades", "MauiUtilidades\MauiUtilidades.csproj", "{D8B3DC46-4737-441E-AA90-2417C7C37BD2}"
EndProject
Project("{FAE04EC0-301F-11D3-BF4B-00C04F79EFBC}") = "BlazorUtilidades", "BlazorUtilidades\BlazorUtilidades.csproj", "{6C731288-75AC-441E-90B0-4579163FB3EC}"
EndProject
Project("{FAE04EC0-301F-11D3-BF4B-00C04F79EFBC}") = "RCLUtilidades", "RCLUtilidades\RCLUtilidades.csproj", "{8E98BC3B-B00D-460E-9780-89A51D3940E2}"
EndProject
Global
	GlobalSection(SolutionConfigurationPlatforms) = preSolution
		Debug|Any CPU = Debug|Any CPU
		Release|Any CPU = Release|Any CPU
	EndGlobalSection
	GlobalSection(ProjectConfigurationPlatforms) = postSolution
		{D8B3DC46-4737-441E-AA90-2417C7C37BD2}.Debug|Any CPU.ActiveCfg = Debug|Any CPU
		{D8B3DC46-4737-441E-AA90-2417C7C37BD2}.Debug|Any CPU.Build.0 = Debug|Any CPU
		{D8B3DC46-4737-441E-AA90-2417C7C37BD2}.Debug|Any CPU.Deploy.0 = Debug|Any CPU
		{D8B3DC46-4737-441E-AA90-2417C7C37BD2}.Release|Any CPU.ActiveCfg = Release|Any CPU
		{D8B3DC46-4737-441E-AA90-2417C7C37BD2}.Release|Any CPU.Build.0 = Release|Any CPU
		{D8B3DC46-4737-441E-AA90-2417C7C37BD2}.Release|Any CPU.Deploy.0 = Release|Any CPU
		{6C731288-75AC-441E-90B0-4579163FB3EC}.Debug|Any CPU.ActiveCfg = Debug|Any CPU
		{6C731288-75AC-441E-90B0-4579163FB3EC}.Debug|Any CPU.Build.0 = Debug|Any CPU
		{6C731288-75AC-441E-90B0-4579163FB3EC}.Release|Any CPU.ActiveCfg = Release|Any CPU
		{6C731288-75AC-441E-90B0-4579163FB3EC}.Release|Any CPU.Build.0 = Release|Any CPU
		{8E98BC3B-B00D-460E-9780-89A51D3940E2}.Debug|Any CPU.ActiveCfg = Debug|Any CPU
		{8E98BC3B-B00D-460E-9780-89A51D3940E2}.Debug|Any CPU.Build.0 = Debug|Any CPU
		{8E98BC3B-B00D-460E-9780-89A51D3940E2}.Release|Any CPU.ActiveCfg = Release|Any CPU
		{8E98BC3B-B00D-460E-9780-89A51D3940E2}.Release|Any CPU.Build.0 = Release|Any CPU
	EndGlobalSection
	GlobalSection(SolutionProperties) = preSolution
		HideSolutionNode = FALSE
	EndGlobalSection
	GlobalSection(ExtensibilityGlobals) = postSolution
		SolutionGuid = {52C78697-34E1-4F7E-9E4F-9DBA36C09070}
	EndGlobalSection
EndGlobal
