
Microsoft Visual Studio Solution File, Format Version 12.00
# Visual Studio Version 17
VisualStudioVersion = 17.14.36518.9 d17.14
MinimumVisualStudioVersion = 10.0.40219.1
Project("{FAE04EC0-301F-11D3-BF4B-00C04F79EFBC}") = "UtilidadesMaui", "UtilidadesMaui\UtilidadesMaui.csproj", "{A8009380-BE24-4B40-BF03-609A05A430E0}"
EndProject
Project("{FAE04EC0-301F-11D3-BF4B-00C04F79EFBC}") = "UtilidadesBlazor", "UtilidadesBlazor\UtilidadesBlazor.csproj", "{396360DC-32C7-48B5-BCF7-6D09B7DEE224}"
EndProject
Project("{FAE04EC0-301F-11D3-BF4B-00C04F79EFBC}") = "RCLUtilidades", "RCLUtilidades\RCLUtilidades.csproj", "{6B989763-8035-4483-A3A9-6E2CEADC4CCA}"
EndProject
Global
	GlobalSection(SolutionConfigurationPlatforms) = preSolution
		Debug|Any CPU = Debug|Any CPU
		Release|Any CPU = Release|Any CPU
	EndGlobalSection
	GlobalSection(ProjectConfigurationPlatforms) = postSolution
		{A8009380-BE24-4B40-BF03-609A05A430E0}.Debug|Any CPU.ActiveCfg = Debug|Any CPU
		{A8009380-BE24-4B40-BF03-609A05A430E0}.Debug|Any CPU.Build.0 = Debug|Any CPU
		{A8009380-BE24-4B40-BF03-609A05A430E0}.Debug|Any CPU.Deploy.0 = Debug|Any CPU
		{A8009380-BE24-4B40-BF03-609A05A430E0}.Release|Any CPU.ActiveCfg = Release|Any CPU
		{A8009380-BE24-4B40-BF03-609A05A430E0}.Release|Any CPU.Build.0 = Release|Any CPU
		{A8009380-BE24-4B40-BF03-609A05A430E0}.Release|Any CPU.Deploy.0 = Release|Any CPU
		{396360DC-32C7-48B5-BCF7-6D09B7DEE224}.Debug|Any CPU.ActiveCfg = Debug|Any CPU
		{396360DC-32C7-48B5-BCF7-6D09B7DEE224}.Debug|Any CPU.Build.0 = Debug|Any CPU
		{396360DC-32C7-48B5-BCF7-6D09B7DEE224}.Release|Any CPU.ActiveCfg = Release|Any CPU
		{396360DC-32C7-48B5-BCF7-6D09B7DEE224}.Release|Any CPU.Build.0 = Release|Any CPU
		{6B989763-8035-4483-A3A9-6E2CEADC4CCA}.Debug|Any CPU.ActiveCfg = Debug|Any CPU
		{6B989763-8035-4483-A3A9-6E2CEADC4CCA}.Debug|Any CPU.Build.0 = Debug|Any CPU
		{6B989763-8035-4483-A3A9-6E2CEADC4CCA}.Release|Any CPU.ActiveCfg = Release|Any CPU
		{6B989763-8035-4483-A3A9-6E2CEADC4CCA}.Release|Any CPU.Build.0 = Release|Any CPU
	EndGlobalSection
	GlobalSection(SolutionProperties) = preSolution
		HideSolutionNode = FALSE
	EndGlobalSection
	GlobalSection(ExtensibilityGlobals) = postSolution
		SolutionGuid = {3746B813-0D9C-4FCB-9EB9-249958879882}
	EndGlobalSection
EndGlobal
